
Microsoft Visual Studio Solution File, Format Version 12.00
# Visual Studio Version 17
VisualStudioVersion = 17.13.35931.197
MinimumVisualStudioVersion = 10.0.40219.1
Project("{FAE04EC0-301F-11D3-BF4B-00C04F79EFBC}") = "ClientApplicationTestProject", "ClientApplicationTestProject.csproj", "{32E04580-DF0B-F60F-A4D8-082FE15487A9}"
EndProject
Global
	GlobalSection(SolutionConfigurationPlatforms) = preSolution
		Debug|Any CPU = Debug|Any CPU
		Release|Any CPU = Release|Any CPU
	EndGlobalSection
	GlobalSection(ProjectConfigurationPlatforms) = postSolution
		{32E04580-DF0B-F60F-A4D8-082FE15487A9}.Debug|Any CPU.ActiveCfg = Debug|Any CPU
		{32E04580-DF0B-F60F-A4D8-082FE15487A9}.Debug|Any CPU.Build.0 = Debug|Any CPU
		{32E04580-DF0B-F60F-A4D8-082FE15487A9}.Release|Any CPU.ActiveCfg = Release|Any CPU
		{32E04580-DF0B-F60F-A4D8-082FE15487A9}.Release|Any CPU.Build.0 = Release|Any CPU
	EndGlobalSection
	GlobalSection(SolutionProperties) = preSolution
		HideSolutionNode = FALSE
	EndGlobalSection
	GlobalSection(ExtensibilityGlobals) = postSolution
		SolutionGuid = {B39FB18F-B5EE-4BF5-8A0D-950B1A1882C6}
	EndGlobalSection
EndGlobal
